
Microsoft Visual Studio Solution File, Format Version 12.00
# Visual Studio Version 16
VisualStudioVersion = 16.0.31019.35
MinimumVisualStudioVersion = 10.0.40219.1
Project("{8BC9CEB8-8B4A-11D0-8D11-00A0C91BC942}") = "Emulator", "Emulator\Emulator.vcxproj", "{187C5BD6-A2CC-4CAD-B822-03BC3F3EDA9D}"
EndProject
Project("{8BC9CEB8-8B4A-11D0-8D11-00A0C91BC942}") = "OpcodeTestSuite", "EmulatorTestSuite\EmulatorTestSuite.vcxproj", "{7F7F377F-A4C3-4699-B411-3391CDC56509}"
EndProject
Global
	GlobalSection(SolutionConfigurationPlatforms) = preSolution
		Debug|x64 = Debug|x64
		Debug|x86 = Debug|x86
		Release|x64 = Release|x64
		Release|x86 = Release|x86
	EndGlobalSection
	GlobalSection(ProjectConfigurationPlatforms) = postSolution
		{187C5BD6-A2CC-4CAD-B822-03BC3F3EDA9D}.Debug|x64.ActiveCfg = Debug|x64
		{187C5BD6-A2CC-4CAD-B822-03BC3F3EDA9D}.Debug|x64.Build.0 = Debug|x64
		{187C5BD6-A2CC-4CAD-B822-03BC3F3EDA9D}.Debug|x86.ActiveCfg = Debug|Win32
		{187C5BD6-A2CC-4CAD-B822-03BC3F3EDA9D}.Debug|x86.Build.0 = Debug|Win32
		{187C5BD6-A2CC-4CAD-B822-03BC3F3EDA9D}.Release|x64.ActiveCfg = Release|x64
		{187C5BD6-A2CC-4CAD-B822-03BC3F3EDA9D}.Release|x64.Build.0 = Release|x64
		{187C5BD6-A2CC-4CAD-B822-03BC3F3EDA9D}.Release|x86.ActiveCfg = Release|Win32
		{187C5BD6-A2CC-4CAD-B822-03BC3F3EDA9D}.Release|x86.Build.0 = Release|Win32
		{7F7F377F-A4C3-4699-B411-3391CDC56509}.Debug|x64.ActiveCfg = Debug|x64
		{7F7F377F-A4C3-4699-B411-3391CDC56509}.Debug|x64.Build.0 = Debug|x64
		{7F7F377F-A4C3-4699-B411-3391CDC56509}.Debug|x86.ActiveCfg = Debug|Win32
		{7F7F377F-A4C3-4699-B411-3391CDC56509}.Debug|x86.Build.0 = Debug|Win32
		{7F7F377F-A4C3-4699-B411-3391CDC56509}.Release|x64.ActiveCfg = Release|x64
		{7F7F377F-A4C3-4699-B411-3391CDC56509}.Release|x64.Build.0 = Release|x64
		{7F7F377F-A4C3-4699-B411-3391CDC56509}.Release|x86.ActiveCfg = Release|Win32
		{7F7F377F-A4C3-4699-B411-3391CDC56509}.Release|x86.Build.0 = Release|Win32
	EndGlobalSection
	GlobalSection(SolutionProperties) = preSolution
		HideSolutionNode = FALSE
	EndGlobalSection
	GlobalSection(ExtensibilityGlobals) = postSolution
		SolutionGuid = {0B303522-4543-4C37-8991-38012188B1A7}
	EndGlobalSection
EndGlobal
